
Microsoft Visual Studio Solution File, Format Version 12.00
# Visual Studio Version 17
VisualStudioVersion = 17.2.32519.379
MinimumVisualStudioVersion = 10.0.40219.1
Project("{FAE04EC0-301F-11D3-BF4B-00C04F79EFBC}") = "Email_Id", "Email_Id\Email_Id.csproj", "{D16359DB-C46A-452A-B8DD-3BE077A70782}"
EndProject
Global
	GlobalSection(SolutionConfigurationPlatforms) = preSolution
		Debug|Any CPU = Debug|Any CPU
		Release|Any CPU = Release|Any CPU
	EndGlobalSection
	GlobalSection(ProjectConfigurationPlatforms) = postSolution
		{D16359DB-C46A-452A-B8DD-3BE077A70782}.Debug|Any CPU.ActiveCfg = Debug|Any CPU
		{D16359DB-C46A-452A-B8DD-3BE077A70782}.Debug|Any CPU.Build.0 = Debug|Any CPU
		{D16359DB-C46A-452A-B8DD-3BE077A70782}.Release|Any CPU.ActiveCfg = Release|Any CPU
		{D16359DB-C46A-452A-B8DD-3BE077A70782}.Release|Any CPU.Build.0 = Release|Any CPU
	EndGlobalSection
	GlobalSection(SolutionProperties) = preSolution
		HideSolutionNode = FALSE
	EndGlobalSection
	GlobalSection(ExtensibilityGlobals) = postSolution
		SolutionGuid = {BF52DEDB-C84D-4D76-95AA-72053E1335F9}
	EndGlobalSection
EndGlobal
